
Microsoft Visual Studio Solution File, Format Version 12.00
# Visual Studio Version 16
VisualStudioVersion = 16.0.30611.23
MinimumVisualStudioVersion = 10.0.40219.1
Project("{FAE04EC0-301F-11D3-BF4B-00C04F79EFBC}") = "Data Passing", "Data Passing.csproj", "{361A3BE9-3A37-4F9D-88D4-C2797ADA6BA9}"
EndProject
Global
	GlobalSection(SolutionConfigurationPlatforms) = preSolution
		Debug|Any CPU = Debug|Any CPU
		Release|Any CPU = Release|Any CPU
	EndGlobalSection
	GlobalSection(ProjectConfigurationPlatforms) = postSolution
		{361A3BE9-3A37-4F9D-88D4-C2797ADA6BA9}.Debug|Any CPU.ActiveCfg = Debug|Any CPU
		{361A3BE9-3A37-4F9D-88D4-C2797ADA6BA9}.Debug|Any CPU.Build.0 = Debug|Any CPU
		{361A3BE9-3A37-4F9D-88D4-C2797ADA6BA9}.Release|Any CPU.ActiveCfg = Release|Any CPU
		{361A3BE9-3A37-4F9D-88D4-C2797ADA6BA9}.Release|Any CPU.Build.0 = Release|Any CPU
	EndGlobalSection
	GlobalSection(SolutionProperties) = preSolution
		HideSolutionNode = FALSE
	EndGlobalSection
	GlobalSection(ExtensibilityGlobals) = postSolution
		SolutionGuid = {A66430B9-2599-4F09-A25D-054F8D744A54}
	EndGlobalSection
EndGlobal
