
Microsoft Visual Studio Solution File, Format Version 12.00
# Visual Studio Version 16
VisualStudioVersion = 16.0.30611.23
MinimumVisualStudioVersion = 10.0.40219.1
Project("{FAE04EC0-301F-11D3-BF4B-00C04F79EFBC}") = "Inventory with Repository Pattern", "Inventory with Repository Pattern\Inventory with Repository Pattern.csproj", "{018D3023-4AF2-48F6-B525-45B6476A5E78}"
EndProject
Global
	GlobalSection(SolutionConfigurationPlatforms) = preSolution
		Debug|Any CPU = Debug|Any CPU
		Release|Any CPU = Release|Any CPU
	EndGlobalSection
	GlobalSection(ProjectConfigurationPlatforms) = postSolution
		{018D3023-4AF2-48F6-B525-45B6476A5E78}.Debug|Any CPU.ActiveCfg = Debug|Any CPU
		{018D3023-4AF2-48F6-B525-45B6476A5E78}.Debug|Any CPU.Build.0 = Debug|Any CPU
		{018D3023-4AF2-48F6-B525-45B6476A5E78}.Release|Any CPU.ActiveCfg = Release|Any CPU
		{018D3023-4AF2-48F6-B525-45B6476A5E78}.Release|Any CPU.Build.0 = Release|Any CPU
	EndGlobalSection
	GlobalSection(SolutionProperties) = preSolution
		HideSolutionNode = FALSE
	EndGlobalSection
	GlobalSection(ExtensibilityGlobals) = postSolution
		SolutionGuid = {378AD5C6-D271-4648-8B7B-7C2D9AD2B8AC}
	EndGlobalSection
EndGlobal
