
Microsoft Visual Studio Solution File, Format Version 12.00
# Visual Studio Version 16
VisualStudioVersion = 16.0.30621.155
MinimumVisualStudioVersion = 10.0.40219.1
Project("{FAE04EC0-301F-11D3-BF4B-00C04F79EFBC}") = "Inventory Management System with ADO.NET", "Inventory Management System with ADO.NET.csproj", "{407A0D35-3057-45AA-AFF4-24361C272EE9}"
EndProject
Global
	GlobalSection(SolutionConfigurationPlatforms) = preSolution
		Debug|Any CPU = Debug|Any CPU
		Release|Any CPU = Release|Any CPU
	EndGlobalSection
	GlobalSection(ProjectConfigurationPlatforms) = postSolution
		{407A0D35-3057-45AA-AFF4-24361C272EE9}.Debug|Any CPU.ActiveCfg = Debug|Any CPU
		{407A0D35-3057-45AA-AFF4-24361C272EE9}.Debug|Any CPU.Build.0 = Debug|Any CPU
		{407A0D35-3057-45AA-AFF4-24361C272EE9}.Release|Any CPU.ActiveCfg = Release|Any CPU
		{407A0D35-3057-45AA-AFF4-24361C272EE9}.Release|Any CPU.Build.0 = Release|Any CPU
	EndGlobalSection
	GlobalSection(SolutionProperties) = preSolution
		HideSolutionNode = FALSE
	EndGlobalSection
	GlobalSection(ExtensibilityGlobals) = postSolution
		SolutionGuid = {3AECEB9D-92E7-465B-A7DC-078DB2331CB8}
	EndGlobalSection
EndGlobal
